
Microsoft Visual Studio Solution File, Format Version 12.00
# Visual Studio Version 16
VisualStudioVersion = 16.0.30711.63
MinimumVisualStudioVersion = 10.0.40219.1
Project("{FAE04EC0-301F-11D3-BF4B-00C04F79EFBC}") = "CountCharsInAString", "CountCharsInAString\CountCharsInAString.csproj", "{A386BE59-B558-461F-A817-A60A63DF9B5C}"
EndProject
Project("{FAE04EC0-301F-11D3-BF4B-00C04F79EFBC}") = "AMinerTask", "AMinerTask\AMinerTask.csproj", "{96F8E4F1-A0A2-4B32-8A3D-D2FF7A1A248B}"
EndProject
Project("{FAE04EC0-301F-11D3-BF4B-00C04F79EFBC}") = "LegendaryFarming", "LegendaryFarming\LegendaryFarming.csproj", "{CE3CAA2F-E854-4A08-BA1E-6C6FC6062BC9}"
EndProject
Project("{FAE04EC0-301F-11D3-BF4B-00C04F79EFBC}") = "Orders", "Orders\Orders.csproj", "{FB45230C-6C27-4C32-990D-1FFDA35DBC6F}"
EndProject
Project("{FAE04EC0-301F-11D3-BF4B-00C04F79EFBC}") = "SoftUniParking", "SoftUniParking\SoftUniParking.csproj", "{3561160E-6FB3-492F-B81E-7F98378CDF75}"
EndProject
Project("{FAE04EC0-301F-11D3-BF4B-00C04F79EFBC}") = "Courses", "Courses\Courses.csproj", "{CB8F9F75-E2F8-4E83-9982-F57F57B2CCE6}"
EndProject
Project("{FAE04EC0-301F-11D3-BF4B-00C04F79EFBC}") = "StudentAcademy", "StudentAcademy\StudentAcademy.csproj", "{40FD7C11-C94D-47C4-A9F9-B8C71FA9BC14}"
EndProject
Project("{FAE04EC0-301F-11D3-BF4B-00C04F79EFBC}") = "CompanyUsers", "CompanyUsers\CompanyUsers.csproj", "{27864DDF-52E8-4F65-979F-AA1CB4CCE7FF}"
EndProject
Project("{FAE04EC0-301F-11D3-BF4B-00C04F79EFBC}") = "ForceBook", "ForceBook\ForceBook.csproj", "{04FB7206-9577-4F64-966D-FF378F4F2168}"
EndProject
Project("{FAE04EC0-301F-11D3-BF4B-00C04F79EFBC}") = "SoftUniExamResults", "SoftUniExamResults\SoftUniExamResults.csproj", "{C03D78E2-316E-4D72-A65B-A04E91FD08F3}"
EndProject
Global
	GlobalSection(SolutionConfigurationPlatforms) = preSolution
		Debug|Any CPU = Debug|Any CPU
		Release|Any CPU = Release|Any CPU
	EndGlobalSection
	GlobalSection(ProjectConfigurationPlatforms) = postSolution
		{A386BE59-B558-461F-A817-A60A63DF9B5C}.Debug|Any CPU.ActiveCfg = Debug|Any CPU
		{A386BE59-B558-461F-A817-A60A63DF9B5C}.Debug|Any CPU.Build.0 = Debug|Any CPU
		{A386BE59-B558-461F-A817-A60A63DF9B5C}.Release|Any CPU.ActiveCfg = Release|Any CPU
		{A386BE59-B558-461F-A817-A60A63DF9B5C}.Release|Any CPU.Build.0 = Release|Any CPU
		{96F8E4F1-A0A2-4B32-8A3D-D2FF7A1A248B}.Debug|Any CPU.ActiveCfg = Debug|Any CPU
		{96F8E4F1-A0A2-4B32-8A3D-D2FF7A1A248B}.Debug|Any CPU.Build.0 = Debug|Any CPU
		{96F8E4F1-A0A2-4B32-8A3D-D2FF7A1A248B}.Release|Any CPU.ActiveCfg = Release|Any CPU
		{96F8E4F1-A0A2-4B32-8A3D-D2FF7A1A248B}.Release|Any CPU.Build.0 = Release|Any CPU
		{CE3CAA2F-E854-4A08-BA1E-6C6FC6062BC9}.Debug|Any CPU.ActiveCfg = Debug|Any CPU
		{CE3CAA2F-E854-4A08-BA1E-6C6FC6062BC9}.Debug|Any CPU.Build.0 = Debug|Any CPU
		{CE3CAA2F-E854-4A08-BA1E-6C6FC6062BC9}.Release|Any CPU.ActiveCfg = Release|Any CPU
		{CE3CAA2F-E854-4A08-BA1E-6C6FC6062BC9}.Release|Any CPU.Build.0 = Release|Any CPU
		{FB45230C-6C27-4C32-990D-1FFDA35DBC6F}.Debug|Any CPU.ActiveCfg = Debug|Any CPU
		{FB45230C-6C27-4C32-990D-1FFDA35DBC6F}.Debug|Any CPU.Build.0 = Debug|Any CPU
		{FB45230C-6C27-4C32-990D-1FFDA35DBC6F}.Release|Any CPU.ActiveCfg = Release|Any CPU
		{FB45230C-6C27-4C32-990D-1FFDA35DBC6F}.Release|Any CPU.Build.0 = Release|Any CPU
		{3561160E-6FB3-492F-B81E-7F98378CDF75}.Debug|Any CPU.ActiveCfg = Debug|Any CPU
		{3561160E-6FB3-492F-B81E-7F98378CDF75}.Debug|Any CPU.Build.0 = Debug|Any CPU
		{3561160E-6FB3-492F-B81E-7F98378CDF75}.Release|Any CPU.ActiveCfg = Release|Any CPU
		{3561160E-6FB3-492F-B81E-7F98378CDF75}.Release|Any CPU.Build.0 = Release|Any CPU
		{CB8F9F75-E2F8-4E83-9982-F57F57B2CCE6}.Debug|Any CPU.ActiveCfg = Debug|Any CPU
		{CB8F9F75-E2F8-4E83-9982-F57F57B2CCE6}.Debug|Any CPU.Build.0 = Debug|Any CPU
		{CB8F9F75-E2F8-4E83-9982-F57F57B2CCE6}.Release|Any CPU.ActiveCfg = Release|Any CPU
		{CB8F9F75-E2F8-4E83-9982-F57F57B2CCE6}.Release|Any CPU.Build.0 = Release|Any CPU
		{40FD7C11-C94D-47C4-A9F9-B8C71FA9BC14}.Debug|Any CPU.ActiveCfg = Debug|Any CPU
		{40FD7C11-C94D-47C4-A9F9-B8C71FA9BC14}.Debug|Any CPU.Build.0 = Debug|Any CPU
		{40FD7C11-C94D-47C4-A9F9-B8C71FA9BC14}.Release|Any CPU.ActiveCfg = Release|Any CPU
		{40FD7C11-C94D-47C4-A9F9-B8C71FA9BC14}.Release|Any CPU.Build.0 = Release|Any CPU
		{27864DDF-52E8-4F65-979F-AA1CB4CCE7FF}.Debug|Any CPU.ActiveCfg = Debug|Any CPU
		{27864DDF-52E8-4F65-979F-AA1CB4CCE7FF}.Debug|Any CPU.Build.0 = Debug|Any CPU
		{27864DDF-52E8-4F65-979F-AA1CB4CCE7FF}.Release|Any CPU.ActiveCfg = Release|Any CPU
		{27864DDF-52E8-4F65-979F-AA1CB4CCE7FF}.Release|Any CPU.Build.0 = Release|Any CPU
		{04FB7206-9577-4F64-966D-FF378F4F2168}.Debug|Any CPU.ActiveCfg = Debug|Any CPU
		{04FB7206-9577-4F64-966D-FF378F4F2168}.Debug|Any CPU.Build.0 = Debug|Any CPU
		{04FB7206-9577-4F64-966D-FF378F4F2168}.Release|Any CPU.ActiveCfg = Release|Any CPU
		{04FB7206-9577-4F64-966D-FF378F4F2168}.Release|Any CPU.Build.0 = Release|Any CPU
		{C03D78E2-316E-4D72-A65B-A04E91FD08F3}.Debug|Any CPU.ActiveCfg = Debug|Any CPU
		{C03D78E2-316E-4D72-A65B-A04E91FD08F3}.Debug|Any CPU.Build.0 = Debug|Any CPU
		{C03D78E2-316E-4D72-A65B-A04E91FD08F3}.Release|Any CPU.ActiveCfg = Release|Any CPU
		{C03D78E2-316E-4D72-A65B-A04E91FD08F3}.Release|Any CPU.Build.0 = Release|Any CPU
	EndGlobalSection
	GlobalSection(SolutionProperties) = preSolution
		HideSolutionNode = FALSE
	EndGlobalSection
	GlobalSection(ExtensibilityGlobals) = postSolution
		SolutionGuid = {C1537EC5-E3B0-47A1-A5E0-0578E42A9E2A}
	EndGlobalSection
EndGlobal
