
Microsoft Visual Studio Solution File, Format Version 12.00
# Visual Studio Version 16
VisualStudioVersion = 16.0.30711.63
MinimumVisualStudioVersion = 10.0.40219.1
Project("{FAE04EC0-301F-11D3-BF4B-00C04F79EFBC}") = "USDToBGN", "USDToBGN\USDToBGN.csproj", "{26B19B69-D0E7-4664-B404-16E8D887BB6E}"
EndProject
Project("{FAE04EC0-301F-11D3-BF4B-00C04F79EFBC}") = "RadiansToDegrees", "RadiansToDegrees\RadiansToDegrees.csproj", "{51F3DECA-A384-4284-8824-B01C2253669C}"
EndProject
Project("{FAE04EC0-301F-11D3-BF4B-00C04F79EFBC}") = "DepositCalculator", "DepositCalculator\DepositCalculator.csproj", "{86E90E98-4A23-474E-9419-8703462DA18F}"
EndProject
Project("{FAE04EC0-301F-11D3-BF4B-00C04F79EFBC}") = "VacationBooksList", "VacationBooksList\VacationBooksList.csproj", "{E68071FD-ABC7-4955-98F6-7306EC496325}"
EndProject
Project("{FAE04EC0-301F-11D3-BF4B-00C04F79EFBC}") = "BirthdayParty", "BirthdayParty\BirthdayParty.csproj", "{E8F81EDB-FC22-4BB4-B77E-54B4B3B02FFE}"
EndProject
Project("{FAE04EC0-301F-11D3-BF4B-00C04F79EFBC}") = "CharityCampaign", "CharityCampaign\CharityCampaign.csproj", "{C189349F-52AB-4154-B2B9-6017AD9E8C4F}"
EndProject
Project("{FAE04EC0-301F-11D3-BF4B-00C04F79EFBC}") = "FruitMarket", "FruitMarket\FruitMarket.csproj", "{138D8716-DC38-4DE3-B33A-C7C8C1F0BD76}"
EndProject
Project("{FAE04EC0-301F-11D3-BF4B-00C04F79EFBC}") = "FishTank", "FishTank\FishTank.csproj", "{C4890971-DD4D-4224-9288-DB725762DDBB}"
EndProject
Global
	GlobalSection(SolutionConfigurationPlatforms) = preSolution
		Debug|Any CPU = Debug|Any CPU
		Release|Any CPU = Release|Any CPU
	EndGlobalSection
	GlobalSection(ProjectConfigurationPlatforms) = postSolution
		{26B19B69-D0E7-4664-B404-16E8D887BB6E}.Debug|Any CPU.ActiveCfg = Debug|Any CPU
		{26B19B69-D0E7-4664-B404-16E8D887BB6E}.Debug|Any CPU.Build.0 = Debug|Any CPU
		{26B19B69-D0E7-4664-B404-16E8D887BB6E}.Release|Any CPU.ActiveCfg = Release|Any CPU
		{26B19B69-D0E7-4664-B404-16E8D887BB6E}.Release|Any CPU.Build.0 = Release|Any CPU
		{51F3DECA-A384-4284-8824-B01C2253669C}.Debug|Any CPU.ActiveCfg = Debug|Any CPU
		{51F3DECA-A384-4284-8824-B01C2253669C}.Debug|Any CPU.Build.0 = Debug|Any CPU
		{51F3DECA-A384-4284-8824-B01C2253669C}.Release|Any CPU.ActiveCfg = Release|Any CPU
		{51F3DECA-A384-4284-8824-B01C2253669C}.Release|Any CPU.Build.0 = Release|Any CPU
		{86E90E98-4A23-474E-9419-8703462DA18F}.Debug|Any CPU.ActiveCfg = Debug|Any CPU
		{86E90E98-4A23-474E-9419-8703462DA18F}.Debug|Any CPU.Build.0 = Debug|Any CPU
		{86E90E98-4A23-474E-9419-8703462DA18F}.Release|Any CPU.ActiveCfg = Release|Any CPU
		{86E90E98-4A23-474E-9419-8703462DA18F}.Release|Any CPU.Build.0 = Release|Any CPU
		{E68071FD-ABC7-4955-98F6-7306EC496325}.Debug|Any CPU.ActiveCfg = Debug|Any CPU
		{E68071FD-ABC7-4955-98F6-7306EC496325}.Debug|Any CPU.Build.0 = Debug|Any CPU
		{E68071FD-ABC7-4955-98F6-7306EC496325}.Release|Any CPU.ActiveCfg = Release|Any CPU
		{E68071FD-ABC7-4955-98F6-7306EC496325}.Release|Any CPU.Build.0 = Release|Any CPU
		{E8F81EDB-FC22-4BB4-B77E-54B4B3B02FFE}.Debug|Any CPU.ActiveCfg = Debug|Any CPU
		{E8F81EDB-FC22-4BB4-B77E-54B4B3B02FFE}.Debug|Any CPU.Build.0 = Debug|Any CPU
		{E8F81EDB-FC22-4BB4-B77E-54B4B3B02FFE}.Release|Any CPU.ActiveCfg = Release|Any CPU
		{E8F81EDB-FC22-4BB4-B77E-54B4B3B02FFE}.Release|Any CPU.Build.0 = Release|Any CPU
		{C189349F-52AB-4154-B2B9-6017AD9E8C4F}.Debug|Any CPU.ActiveCfg = Debug|Any CPU
		{C189349F-52AB-4154-B2B9-6017AD9E8C4F}.Debug|Any CPU.Build.0 = Debug|Any CPU
		{C189349F-52AB-4154-B2B9-6017AD9E8C4F}.Release|Any CPU.ActiveCfg = Release|Any CPU
		{C189349F-52AB-4154-B2B9-6017AD9E8C4F}.Release|Any CPU.Build.0 = Release|Any CPU
		{138D8716-DC38-4DE3-B33A-C7C8C1F0BD76}.Debug|Any CPU.ActiveCfg = Debug|Any CPU
		{138D8716-DC38-4DE3-B33A-C7C8C1F0BD76}.Debug|Any CPU.Build.0 = Debug|Any CPU
		{138D8716-DC38-4DE3-B33A-C7C8C1F0BD76}.Release|Any CPU.ActiveCfg = Release|Any CPU
		{138D8716-DC38-4DE3-B33A-C7C8C1F0BD76}.Release|Any CPU.Build.0 = Release|Any CPU
		{C4890971-DD4D-4224-9288-DB725762DDBB}.Debug|Any CPU.ActiveCfg = Debug|Any CPU
		{C4890971-DD4D-4224-9288-DB725762DDBB}.Debug|Any CPU.Build.0 = Debug|Any CPU
		{C4890971-DD4D-4224-9288-DB725762DDBB}.Release|Any CPU.ActiveCfg = Release|Any CPU
		{C4890971-DD4D-4224-9288-DB725762DDBB}.Release|Any CPU.Build.0 = Release|Any CPU
	EndGlobalSection
	GlobalSection(SolutionProperties) = preSolution
		HideSolutionNode = FALSE
	EndGlobalSection
	GlobalSection(ExtensibilityGlobals) = postSolution
		SolutionGuid = {A2AF4DEB-5ACA-4957-B245-F36BADDCEBFF}
	EndGlobalSection
EndGlobal
