
Microsoft Visual Studio Solution File, Format Version 12.00
# Visual Studio Version 16
VisualStudioVersion = 16.0.30711.63
MinimumVisualStudioVersion = 10.0.40219.1
Project("{9A19103F-16F7-4668-BE54-9A1E7A4F7556}") = "ActionPoint", "ActionPoint\ActionPoint.csproj", "{13E107BC-69C5-4D3B-82B5-A677DE80EB69}"
EndProject
Project("{9A19103F-16F7-4668-BE54-9A1E7A4F7556}") = "KnightsOfHonor", "KnightsOfHonor\KnightsOfHonor.csproj", "{17E3E0C0-1805-49FF-87F4-92E8F8E7F580}"
EndProject
Project("{9A19103F-16F7-4668-BE54-9A1E7A4F7556}") = "CustomMinFunction", "CustomMinFunction\CustomMinFunction.csproj", "{CCB528CD-53AB-4103-9060-092E87D337CC}"
EndProject
Project("{9A19103F-16F7-4668-BE54-9A1E7A4F7556}") = "FindEvensOrOdds", "FindEvensOrOdds\FindEvensOrOdds.csproj", "{A413029B-63BE-4D97-B749-3AF9FC6635C0}"
EndProject
Project("{FAE04EC0-301F-11D3-BF4B-00C04F79EFBC}") = "AppliedArithmetics", "AppliedArithmetics\AppliedArithmetics.csproj", "{62EFF1C0-CAC9-4109-88AB-01BC6F6E23FB}"
EndProject
Project("{FAE04EC0-301F-11D3-BF4B-00C04F79EFBC}") = "ReverseAndExclude", "ReverseAndExclude\ReverseAndExclude.csproj", "{0CB1360C-5392-4E62-AB62-50767D4436AE}"
EndProject
Project("{FAE04EC0-301F-11D3-BF4B-00C04F79EFBC}") = "PredicateForNames", "PredicateForNames\PredicateForNames.csproj", "{ECA02E8D-2F54-4E0A-AD4E-4238E054D66B}"
EndProject
Project("{FAE04EC0-301F-11D3-BF4B-00C04F79EFBC}") = "ListOfPredicates", "ListOfPredicates\ListOfPredicates.csproj", "{78BAD9F2-35C5-478B-8819-CD6B8F46652A}"
EndProject
Project("{FAE04EC0-301F-11D3-BF4B-00C04F79EFBC}") = "CustomComparator", "CustomComparator\CustomComparator.csproj", "{725278D6-F0CD-4F4A-836F-2A05DDB1128B}"
EndProject
Project("{FAE04EC0-301F-11D3-BF4B-00C04F79EFBC}") = "PredicateParty", "PredicateParty!\PredicateParty.csproj", "{5BC0E61F-89EB-4209-B5C9-404004441E07}"
EndProject
Project("{FAE04EC0-301F-11D3-BF4B-00C04F79EFBC}") = "PartyReservationFilterModule", "PartyReservationFilterModule\PartyReservationFilterModule.csproj", "{38B6289A-D8DB-4A1A-93DF-C294F27F8BCC}"
EndProject
Project("{FAE04EC0-301F-11D3-BF4B-00C04F79EFBC}") = "TriFunction", "TriFunction\TriFunction.csproj", "{F9935EFF-5083-45A8-BA22-497CDD3FE455}"
EndProject
Global
	GlobalSection(SolutionConfigurationPlatforms) = preSolution
		Debug|Any CPU = Debug|Any CPU
		Release|Any CPU = Release|Any CPU
	EndGlobalSection
	GlobalSection(ProjectConfigurationPlatforms) = postSolution
		{13E107BC-69C5-4D3B-82B5-A677DE80EB69}.Debug|Any CPU.ActiveCfg = Debug|Any CPU
		{13E107BC-69C5-4D3B-82B5-A677DE80EB69}.Debug|Any CPU.Build.0 = Debug|Any CPU
		{13E107BC-69C5-4D3B-82B5-A677DE80EB69}.Release|Any CPU.ActiveCfg = Release|Any CPU
		{13E107BC-69C5-4D3B-82B5-A677DE80EB69}.Release|Any CPU.Build.0 = Release|Any CPU
		{17E3E0C0-1805-49FF-87F4-92E8F8E7F580}.Debug|Any CPU.ActiveCfg = Debug|Any CPU
		{17E3E0C0-1805-49FF-87F4-92E8F8E7F580}.Debug|Any CPU.Build.0 = Debug|Any CPU
		{17E3E0C0-1805-49FF-87F4-92E8F8E7F580}.Release|Any CPU.ActiveCfg = Release|Any CPU
		{17E3E0C0-1805-49FF-87F4-92E8F8E7F580}.Release|Any CPU.Build.0 = Release|Any CPU
		{CCB528CD-53AB-4103-9060-092E87D337CC}.Debug|Any CPU.ActiveCfg = Debug|Any CPU
		{CCB528CD-53AB-4103-9060-092E87D337CC}.Debug|Any CPU.Build.0 = Debug|Any CPU
		{CCB528CD-53AB-4103-9060-092E87D337CC}.Release|Any CPU.ActiveCfg = Release|Any CPU
		{CCB528CD-53AB-4103-9060-092E87D337CC}.Release|Any CPU.Build.0 = Release|Any CPU
		{A413029B-63BE-4D97-B749-3AF9FC6635C0}.Debug|Any CPU.ActiveCfg = Debug|Any CPU
		{A413029B-63BE-4D97-B749-3AF9FC6635C0}.Debug|Any CPU.Build.0 = Debug|Any CPU
		{A413029B-63BE-4D97-B749-3AF9FC6635C0}.Release|Any CPU.ActiveCfg = Release|Any CPU
		{A413029B-63BE-4D97-B749-3AF9FC6635C0}.Release|Any CPU.Build.0 = Release|Any CPU
		{62EFF1C0-CAC9-4109-88AB-01BC6F6E23FB}.Debug|Any CPU.ActiveCfg = Debug|Any CPU
		{62EFF1C0-CAC9-4109-88AB-01BC6F6E23FB}.Debug|Any CPU.Build.0 = Debug|Any CPU
		{62EFF1C0-CAC9-4109-88AB-01BC6F6E23FB}.Release|Any CPU.ActiveCfg = Release|Any CPU
		{62EFF1C0-CAC9-4109-88AB-01BC6F6E23FB}.Release|Any CPU.Build.0 = Release|Any CPU
		{0CB1360C-5392-4E62-AB62-50767D4436AE}.Debug|Any CPU.ActiveCfg = Debug|Any CPU
		{0CB1360C-5392-4E62-AB62-50767D4436AE}.Debug|Any CPU.Build.0 = Debug|Any CPU
		{0CB1360C-5392-4E62-AB62-50767D4436AE}.Release|Any CPU.ActiveCfg = Release|Any CPU
		{0CB1360C-5392-4E62-AB62-50767D4436AE}.Release|Any CPU.Build.0 = Release|Any CPU
		{ECA02E8D-2F54-4E0A-AD4E-4238E054D66B}.Debug|Any CPU.ActiveCfg = Debug|Any CPU
		{ECA02E8D-2F54-4E0A-AD4E-4238E054D66B}.Debug|Any CPU.Build.0 = Debug|Any CPU
		{ECA02E8D-2F54-4E0A-AD4E-4238E054D66B}.Release|Any CPU.ActiveCfg = Release|Any CPU
		{ECA02E8D-2F54-4E0A-AD4E-4238E054D66B}.Release|Any CPU.Build.0 = Release|Any CPU
		{78BAD9F2-35C5-478B-8819-CD6B8F46652A}.Debug|Any CPU.ActiveCfg = Debug|Any CPU
		{78BAD9F2-35C5-478B-8819-CD6B8F46652A}.Debug|Any CPU.Build.0 = Debug|Any CPU
		{78BAD9F2-35C5-478B-8819-CD6B8F46652A}.Release|Any CPU.ActiveCfg = Release|Any CPU
		{78BAD9F2-35C5-478B-8819-CD6B8F46652A}.Release|Any CPU.Build.0 = Release|Any CPU
		{725278D6-F0CD-4F4A-836F-2A05DDB1128B}.Debug|Any CPU.ActiveCfg = Debug|Any CPU
		{725278D6-F0CD-4F4A-836F-2A05DDB1128B}.Debug|Any CPU.Build.0 = Debug|Any CPU
		{725278D6-F0CD-4F4A-836F-2A05DDB1128B}.Release|Any CPU.ActiveCfg = Release|Any CPU
		{725278D6-F0CD-4F4A-836F-2A05DDB1128B}.Release|Any CPU.Build.0 = Release|Any CPU
		{5BC0E61F-89EB-4209-B5C9-404004441E07}.Debug|Any CPU.ActiveCfg = Debug|Any CPU
		{5BC0E61F-89EB-4209-B5C9-404004441E07}.Debug|Any CPU.Build.0 = Debug|Any CPU
		{5BC0E61F-89EB-4209-B5C9-404004441E07}.Release|Any CPU.ActiveCfg = Release|Any CPU
		{5BC0E61F-89EB-4209-B5C9-404004441E07}.Release|Any CPU.Build.0 = Release|Any CPU
		{38B6289A-D8DB-4A1A-93DF-C294F27F8BCC}.Debug|Any CPU.ActiveCfg = Debug|Any CPU
		{38B6289A-D8DB-4A1A-93DF-C294F27F8BCC}.Debug|Any CPU.Build.0 = Debug|Any CPU
		{38B6289A-D8DB-4A1A-93DF-C294F27F8BCC}.Release|Any CPU.ActiveCfg = Release|Any CPU
		{38B6289A-D8DB-4A1A-93DF-C294F27F8BCC}.Release|Any CPU.Build.0 = Release|Any CPU
		{F9935EFF-5083-45A8-BA22-497CDD3FE455}.Debug|Any CPU.ActiveCfg = Debug|Any CPU
		{F9935EFF-5083-45A8-BA22-497CDD3FE455}.Debug|Any CPU.Build.0 = Debug|Any CPU
		{F9935EFF-5083-45A8-BA22-497CDD3FE455}.Release|Any CPU.ActiveCfg = Release|Any CPU
		{F9935EFF-5083-45A8-BA22-497CDD3FE455}.Release|Any CPU.Build.0 = Release|Any CPU
	EndGlobalSection
	GlobalSection(SolutionProperties) = preSolution
		HideSolutionNode = FALSE
	EndGlobalSection
	GlobalSection(ExtensibilityGlobals) = postSolution
		SolutionGuid = {232BFC52-86D9-4ED6-B106-EE8E6CEFEE8B}
	EndGlobalSection
EndGlobal
