
Microsoft Visual Studio Solution File, Format Version 12.00
# Visual Studio Version 16
VisualStudioVersion = 16.0.30711.63
MinimumVisualStudioVersion = 10.0.40219.1
Project("{9A19103F-16F7-4668-BE54-9A1E7A4F7556}") = "ExcellentResult", "Conditional-Statements-Labs\ExcellentResult.csproj", "{050FE052-CDE7-4A6D-946F-034779AB9304}"
EndProject
Project("{9A19103F-16F7-4668-BE54-9A1E7A4F7556}") = "GreaterNumber", "GreaterNumber\GreaterNumber.csproj", "{C9C52781-82E4-4B95-B98C-9C26F67FA073}"
EndProject
Project("{9A19103F-16F7-4668-BE54-9A1E7A4F7556}") = "EvenOrOdd", "EvenOrOdd\EvenOrOdd.csproj", "{BB304F1D-90B0-44F4-BAFF-C935E76348FE}"
EndProject
Project("{9A19103F-16F7-4668-BE54-9A1E7A4F7556}") = "Number100-200", "Number100-200\Number100-200.csproj", "{B9BDFA37-344C-4A87-B680-188D07226BF0}"
EndProject
Project("{9A19103F-16F7-4668-BE54-9A1E7A4F7556}") = "PasswordGuess", "PasswordGuess\PasswordGuess.csproj", "{00616030-19C3-4828-86E1-8FE40F37FAD4}"
EndProject
Project("{FAE04EC0-301F-11D3-BF4B-00C04F79EFBC}") = "AreaOfFigures", "AreaOfFigures\AreaOfFigures.csproj", "{183AEF9B-7C89-40C7-8B81-59DB858E4EAC}"
EndProject
Project("{FAE04EC0-301F-11D3-BF4B-00C04F79EFBC}") = "ToyShop", "ToyShop\ToyShop.csproj", "{0D42FC0E-92F7-4632-B69A-67FB5FFE437D}"
EndProject
Global
	GlobalSection(SolutionConfigurationPlatforms) = preSolution
		Debug|Any CPU = Debug|Any CPU
		Release|Any CPU = Release|Any CPU
	EndGlobalSection
	GlobalSection(ProjectConfigurationPlatforms) = postSolution
		{050FE052-CDE7-4A6D-946F-034779AB9304}.Debug|Any CPU.ActiveCfg = Debug|Any CPU
		{050FE052-CDE7-4A6D-946F-034779AB9304}.Debug|Any CPU.Build.0 = Debug|Any CPU
		{050FE052-CDE7-4A6D-946F-034779AB9304}.Release|Any CPU.ActiveCfg = Release|Any CPU
		{050FE052-CDE7-4A6D-946F-034779AB9304}.Release|Any CPU.Build.0 = Release|Any CPU
		{C9C52781-82E4-4B95-B98C-9C26F67FA073}.Debug|Any CPU.ActiveCfg = Debug|Any CPU
		{C9C52781-82E4-4B95-B98C-9C26F67FA073}.Debug|Any CPU.Build.0 = Debug|Any CPU
		{C9C52781-82E4-4B95-B98C-9C26F67FA073}.Release|Any CPU.ActiveCfg = Release|Any CPU
		{C9C52781-82E4-4B95-B98C-9C26F67FA073}.Release|Any CPU.Build.0 = Release|Any CPU
		{BB304F1D-90B0-44F4-BAFF-C935E76348FE}.Debug|Any CPU.ActiveCfg = Debug|Any CPU
		{BB304F1D-90B0-44F4-BAFF-C935E76348FE}.Debug|Any CPU.Build.0 = Debug|Any CPU
		{BB304F1D-90B0-44F4-BAFF-C935E76348FE}.Release|Any CPU.ActiveCfg = Release|Any CPU
		{BB304F1D-90B0-44F4-BAFF-C935E76348FE}.Release|Any CPU.Build.0 = Release|Any CPU
		{B9BDFA37-344C-4A87-B680-188D07226BF0}.Debug|Any CPU.ActiveCfg = Debug|Any CPU
		{B9BDFA37-344C-4A87-B680-188D07226BF0}.Debug|Any CPU.Build.0 = Debug|Any CPU
		{B9BDFA37-344C-4A87-B680-188D07226BF0}.Release|Any CPU.ActiveCfg = Release|Any CPU
		{B9BDFA37-344C-4A87-B680-188D07226BF0}.Release|Any CPU.Build.0 = Release|Any CPU
		{00616030-19C3-4828-86E1-8FE40F37FAD4}.Debug|Any CPU.ActiveCfg = Debug|Any CPU
		{00616030-19C3-4828-86E1-8FE40F37FAD4}.Debug|Any CPU.Build.0 = Debug|Any CPU
		{00616030-19C3-4828-86E1-8FE40F37FAD4}.Release|Any CPU.ActiveCfg = Release|Any CPU
		{00616030-19C3-4828-86E1-8FE40F37FAD4}.Release|Any CPU.Build.0 = Release|Any CPU
		{183AEF9B-7C89-40C7-8B81-59DB858E4EAC}.Debug|Any CPU.ActiveCfg = Debug|Any CPU
		{183AEF9B-7C89-40C7-8B81-59DB858E4EAC}.Debug|Any CPU.Build.0 = Debug|Any CPU
		{183AEF9B-7C89-40C7-8B81-59DB858E4EAC}.Release|Any CPU.ActiveCfg = Release|Any CPU
		{183AEF9B-7C89-40C7-8B81-59DB858E4EAC}.Release|Any CPU.Build.0 = Release|Any CPU
		{0D42FC0E-92F7-4632-B69A-67FB5FFE437D}.Debug|Any CPU.ActiveCfg = Debug|Any CPU
		{0D42FC0E-92F7-4632-B69A-67FB5FFE437D}.Debug|Any CPU.Build.0 = Debug|Any CPU
		{0D42FC0E-92F7-4632-B69A-67FB5FFE437D}.Release|Any CPU.ActiveCfg = Release|Any CPU
		{0D42FC0E-92F7-4632-B69A-67FB5FFE437D}.Release|Any CPU.Build.0 = Release|Any CPU
	EndGlobalSection
	GlobalSection(SolutionProperties) = preSolution
		HideSolutionNode = FALSE
	EndGlobalSection
	GlobalSection(ExtensibilityGlobals) = postSolution
		SolutionGuid = {6C388F53-EBC7-4641-889A-43FE7FEB0CCB}
	EndGlobalSection
EndGlobal
