
Microsoft Visual Studio Solution File, Format Version 12.00
# Visual Studio Version 16
VisualStudioVersion = 16.0.30711.63
MinimumVisualStudioVersion = 10.0.40219.1
Project("{FAE04EC0-301F-11D3-BF4B-00C04F79EFBC}") = "HelloSoftUni", "HelloSoftUni\HelloSoftUni.csproj", "{2F5333FF-010A-4BDF-B416-DE16AC6D1126}"
EndProject
Project("{FAE04EC0-301F-11D3-BF4B-00C04F79EFBC}") = "Nums1To10", "Nums1-10\Nums1To10.csproj", "{C45CB0F5-0A0E-4AB6-9F16-91E5E3A64C37}"
EndProject
Project("{FAE04EC0-301F-11D3-BF4B-00C04F79EFBC}") = "SquareArea", "SquareArea\SquareArea.csproj", "{0E35352E-002B-4569-B11E-A15A23F6002F}"
EndProject
Project("{FAE04EC0-301F-11D3-BF4B-00C04F79EFBC}") = "InchesToCentimeters", "InchesToCentimeters\InchesToCentimeters.csproj", "{AC277746-2A9D-4BE8-A285-DA99C50658EE}"
EndProject
Project("{FAE04EC0-301F-11D3-BF4B-00C04F79EFBC}") = "GreetingByName", "GreetingByName\GreetingByName.csproj", "{24E77830-612C-4206-B747-D3A04F551067}"
EndProject
Project("{FAE04EC0-301F-11D3-BF4B-00C04F79EFBC}") = "ConcatenateData", "ConcatenateData\ConcatenateData.csproj", "{E0C02B39-046B-4ED2-A342-556EC56DBDC7}"
EndProject
Project("{FAE04EC0-301F-11D3-BF4B-00C04F79EFBC}") = "ProjectsCreation", "ProjectsCreation\ProjectsCreation.csproj", "{E43E9DDC-0E59-4C6B-B523-DB1A78522CF4}"
EndProject
Project("{FAE04EC0-301F-11D3-BF4B-00C04F79EFBC}") = "PetShop", "PetShop\PetShop.csproj", "{6CAB7CC4-7D59-4314-92A0-F087BEE98928}"
EndProject
Project("{FAE04EC0-301F-11D3-BF4B-00C04F79EFBC}") = "YardGreening", "YardGreening\YardGreening.csproj", "{7FFB3913-E4CF-4C87-B7A5-BF061DB96826}"
EndProject
Global
	GlobalSection(SolutionConfigurationPlatforms) = preSolution
		Debug|Any CPU = Debug|Any CPU
		Release|Any CPU = Release|Any CPU
	EndGlobalSection
	GlobalSection(ProjectConfigurationPlatforms) = postSolution
		{2F5333FF-010A-4BDF-B416-DE16AC6D1126}.Debug|Any CPU.ActiveCfg = Debug|Any CPU
		{2F5333FF-010A-4BDF-B416-DE16AC6D1126}.Debug|Any CPU.Build.0 = Debug|Any CPU
		{2F5333FF-010A-4BDF-B416-DE16AC6D1126}.Release|Any CPU.ActiveCfg = Release|Any CPU
		{2F5333FF-010A-4BDF-B416-DE16AC6D1126}.Release|Any CPU.Build.0 = Release|Any CPU
		{C45CB0F5-0A0E-4AB6-9F16-91E5E3A64C37}.Debug|Any CPU.ActiveCfg = Debug|Any CPU
		{C45CB0F5-0A0E-4AB6-9F16-91E5E3A64C37}.Debug|Any CPU.Build.0 = Debug|Any CPU
		{C45CB0F5-0A0E-4AB6-9F16-91E5E3A64C37}.Release|Any CPU.ActiveCfg = Release|Any CPU
		{C45CB0F5-0A0E-4AB6-9F16-91E5E3A64C37}.Release|Any CPU.Build.0 = Release|Any CPU
		{0E35352E-002B-4569-B11E-A15A23F6002F}.Debug|Any CPU.ActiveCfg = Debug|Any CPU
		{0E35352E-002B-4569-B11E-A15A23F6002F}.Debug|Any CPU.Build.0 = Debug|Any CPU
		{0E35352E-002B-4569-B11E-A15A23F6002F}.Release|Any CPU.ActiveCfg = Release|Any CPU
		{0E35352E-002B-4569-B11E-A15A23F6002F}.Release|Any CPU.Build.0 = Release|Any CPU
		{AC277746-2A9D-4BE8-A285-DA99C50658EE}.Debug|Any CPU.ActiveCfg = Debug|Any CPU
		{AC277746-2A9D-4BE8-A285-DA99C50658EE}.Debug|Any CPU.Build.0 = Debug|Any CPU
		{AC277746-2A9D-4BE8-A285-DA99C50658EE}.Release|Any CPU.ActiveCfg = Release|Any CPU
		{AC277746-2A9D-4BE8-A285-DA99C50658EE}.Release|Any CPU.Build.0 = Release|Any CPU
		{24E77830-612C-4206-B747-D3A04F551067}.Debug|Any CPU.ActiveCfg = Debug|Any CPU
		{24E77830-612C-4206-B747-D3A04F551067}.Debug|Any CPU.Build.0 = Debug|Any CPU
		{24E77830-612C-4206-B747-D3A04F551067}.Release|Any CPU.ActiveCfg = Release|Any CPU
		{24E77830-612C-4206-B747-D3A04F551067}.Release|Any CPU.Build.0 = Release|Any CPU
		{E0C02B39-046B-4ED2-A342-556EC56DBDC7}.Debug|Any CPU.ActiveCfg = Debug|Any CPU
		{E0C02B39-046B-4ED2-A342-556EC56DBDC7}.Debug|Any CPU.Build.0 = Debug|Any CPU
		{E0C02B39-046B-4ED2-A342-556EC56DBDC7}.Release|Any CPU.ActiveCfg = Release|Any CPU
		{E0C02B39-046B-4ED2-A342-556EC56DBDC7}.Release|Any CPU.Build.0 = Release|Any CPU
		{E43E9DDC-0E59-4C6B-B523-DB1A78522CF4}.Debug|Any CPU.ActiveCfg = Debug|Any CPU
		{E43E9DDC-0E59-4C6B-B523-DB1A78522CF4}.Debug|Any CPU.Build.0 = Debug|Any CPU
		{E43E9DDC-0E59-4C6B-B523-DB1A78522CF4}.Release|Any CPU.ActiveCfg = Release|Any CPU
		{E43E9DDC-0E59-4C6B-B523-DB1A78522CF4}.Release|Any CPU.Build.0 = Release|Any CPU
		{6CAB7CC4-7D59-4314-92A0-F087BEE98928}.Debug|Any CPU.ActiveCfg = Debug|Any CPU
		{6CAB7CC4-7D59-4314-92A0-F087BEE98928}.Debug|Any CPU.Build.0 = Debug|Any CPU
		{6CAB7CC4-7D59-4314-92A0-F087BEE98928}.Release|Any CPU.ActiveCfg = Release|Any CPU
		{6CAB7CC4-7D59-4314-92A0-F087BEE98928}.Release|Any CPU.Build.0 = Release|Any CPU
		{7FFB3913-E4CF-4C87-B7A5-BF061DB96826}.Debug|Any CPU.ActiveCfg = Debug|Any CPU
		{7FFB3913-E4CF-4C87-B7A5-BF061DB96826}.Debug|Any CPU.Build.0 = Debug|Any CPU
		{7FFB3913-E4CF-4C87-B7A5-BF061DB96826}.Release|Any CPU.ActiveCfg = Release|Any CPU
		{7FFB3913-E4CF-4C87-B7A5-BF061DB96826}.Release|Any CPU.Build.0 = Release|Any CPU
	EndGlobalSection
	GlobalSection(SolutionProperties) = preSolution
		HideSolutionNode = FALSE
	EndGlobalSection
	GlobalSection(ExtensibilityGlobals) = postSolution
		SolutionGuid = {EE4FC15C-F8BC-46DF-B154-B0AE083AAD55}
	EndGlobalSection
EndGlobal
