
Microsoft Visual Studio Solution File, Format Version 12.00
# Visual Studio Version 16
VisualStudioVersion = 16.0.30711.63
MinimumVisualStudioVersion = 10.0.40219.1
Project("{FAE04EC0-301F-11D3-BF4B-00C04F79EFBC}") = "RegularExpressions-Exercise", "RegularExpressions-Exercise\RegularExpressions-Exercise.csproj", "{70890378-115A-40FC-BBE6-095098D0DC20}"
EndProject
Project("{FAE04EC0-301F-11D3-BF4B-00C04F79EFBC}") = "Race", "Race\Race.csproj", "{CF871931-6500-443E-B854-6E2034475B2E}"
EndProject
Project("{FAE04EC0-301F-11D3-BF4B-00C04F79EFBC}") = "SoftUniBarIncome", "SoftUniBarIncome\SoftUniBarIncome.csproj", "{11574502-02F0-4011-9AD5-64C5AEC1250F}"
EndProject
Project("{FAE04EC0-301F-11D3-BF4B-00C04F79EFBC}") = "StarEnigma", "StarEnigma\StarEnigma.csproj", "{1546F5ED-6919-40BF-8703-60DFF131BD7C}"
EndProject
Project("{FAE04EC0-301F-11D3-BF4B-00C04F79EFBC}") = "NetherRealms", "NetherRealms\NetherRealms.csproj", "{BD5D46E4-2755-4A9B-AB98-78C6240B7C0F}"
EndProject
Project("{FAE04EC0-301F-11D3-BF4B-00C04F79EFBC}") = "ExtractEmails", "ExtractEmails\ExtractEmails.csproj", "{5AAA9A8D-006B-437B-A0B1-50E7D21A5934}"
EndProject
Global
	GlobalSection(SolutionConfigurationPlatforms) = preSolution
		Debug|Any CPU = Debug|Any CPU
		Release|Any CPU = Release|Any CPU
	EndGlobalSection
	GlobalSection(ProjectConfigurationPlatforms) = postSolution
		{70890378-115A-40FC-BBE6-095098D0DC20}.Debug|Any CPU.ActiveCfg = Debug|Any CPU
		{70890378-115A-40FC-BBE6-095098D0DC20}.Debug|Any CPU.Build.0 = Debug|Any CPU
		{70890378-115A-40FC-BBE6-095098D0DC20}.Release|Any CPU.ActiveCfg = Release|Any CPU
		{70890378-115A-40FC-BBE6-095098D0DC20}.Release|Any CPU.Build.0 = Release|Any CPU
		{CF871931-6500-443E-B854-6E2034475B2E}.Debug|Any CPU.ActiveCfg = Debug|Any CPU
		{CF871931-6500-443E-B854-6E2034475B2E}.Debug|Any CPU.Build.0 = Debug|Any CPU
		{CF871931-6500-443E-B854-6E2034475B2E}.Release|Any CPU.ActiveCfg = Release|Any CPU
		{CF871931-6500-443E-B854-6E2034475B2E}.Release|Any CPU.Build.0 = Release|Any CPU
		{11574502-02F0-4011-9AD5-64C5AEC1250F}.Debug|Any CPU.ActiveCfg = Debug|Any CPU
		{11574502-02F0-4011-9AD5-64C5AEC1250F}.Debug|Any CPU.Build.0 = Debug|Any CPU
		{11574502-02F0-4011-9AD5-64C5AEC1250F}.Release|Any CPU.ActiveCfg = Release|Any CPU
		{11574502-02F0-4011-9AD5-64C5AEC1250F}.Release|Any CPU.Build.0 = Release|Any CPU
		{1546F5ED-6919-40BF-8703-60DFF131BD7C}.Debug|Any CPU.ActiveCfg = Debug|Any CPU
		{1546F5ED-6919-40BF-8703-60DFF131BD7C}.Debug|Any CPU.Build.0 = Debug|Any CPU
		{1546F5ED-6919-40BF-8703-60DFF131BD7C}.Release|Any CPU.ActiveCfg = Release|Any CPU
		{1546F5ED-6919-40BF-8703-60DFF131BD7C}.Release|Any CPU.Build.0 = Release|Any CPU
		{BD5D46E4-2755-4A9B-AB98-78C6240B7C0F}.Debug|Any CPU.ActiveCfg = Debug|Any CPU
		{BD5D46E4-2755-4A9B-AB98-78C6240B7C0F}.Debug|Any CPU.Build.0 = Debug|Any CPU
		{BD5D46E4-2755-4A9B-AB98-78C6240B7C0F}.Release|Any CPU.ActiveCfg = Release|Any CPU
		{BD5D46E4-2755-4A9B-AB98-78C6240B7C0F}.Release|Any CPU.Build.0 = Release|Any CPU
		{5AAA9A8D-006B-437B-A0B1-50E7D21A5934}.Debug|Any CPU.ActiveCfg = Debug|Any CPU
		{5AAA9A8D-006B-437B-A0B1-50E7D21A5934}.Debug|Any CPU.Build.0 = Debug|Any CPU
		{5AAA9A8D-006B-437B-A0B1-50E7D21A5934}.Release|Any CPU.ActiveCfg = Release|Any CPU
		{5AAA9A8D-006B-437B-A0B1-50E7D21A5934}.Release|Any CPU.Build.0 = Release|Any CPU
	EndGlobalSection
	GlobalSection(SolutionProperties) = preSolution
		HideSolutionNode = FALSE
	EndGlobalSection
	GlobalSection(ExtensibilityGlobals) = postSolution
		SolutionGuid = {BE5091FC-2293-464E-9AF8-5389C5C38D08}
	EndGlobalSection
EndGlobal
