
Microsoft Visual Studio Solution File, Format Version 12.00
# Visual Studio Version 16
VisualStudioVersion = 16.0.30711.63
MinimumVisualStudioVersion = 10.0.40219.1
Project("{9A19103F-16F7-4668-BE54-9A1E7A4F7556}") = "Cinema", "Cinema\Cinema.csproj", "{D82CB32F-87EF-41C1-9505-79A097C37DCC}"
EndProject
Project("{9A19103F-16F7-4668-BE54-9A1E7A4F7556}") = "SummerOutfit", "SummerOutfit\SummerOutfit.csproj", "{55955CDA-EB2E-4ACF-97B9-05C595ECD051}"
EndProject
Project("{9A19103F-16F7-4668-BE54-9A1E7A4F7556}") = "NewHouse", "NewHouse\NewHouse.csproj", "{1EDD299F-6042-4FBF-B782-F5CE1DE9D2C2}"
EndProject
Project("{9A19103F-16F7-4668-BE54-9A1E7A4F7556}") = "FishingBoat", "FishingBoat\FishingBoat.csproj", "{0AF70C35-8F2A-4F10-973D-415FA83DE603}"
EndProject
Project("{FAE04EC0-301F-11D3-BF4B-00C04F79EFBC}") = "Journey", "Journey\Journey.csproj", "{57DC8F44-C775-48AA-A6C8-87BC626605EE}"
EndProject
Project("{FAE04EC0-301F-11D3-BF4B-00C04F79EFBC}") = "OperationsBetweenNumbers", "OperationsBetweenNumbers\OperationsBetweenNumbers.csproj", "{D4BB0381-C33A-4381-A2CC-B84F3A492D03}"
EndProject
Project("{FAE04EC0-301F-11D3-BF4B-00C04F79EFBC}") = "HotelRoom", "HotelRoom\HotelRoom.csproj", "{D0384C2D-172A-4D9D-930E-E242C361E2D6}"
EndProject
Project("{FAE04EC0-301F-11D3-BF4B-00C04F79EFBC}") = "OnTimeForTheExam", "OnTimeForTheExam\OnTimeForTheExam.csproj", "{EE060C2D-FA5E-4FC0-B5BD-602594AA0609}"
EndProject
Project("{FAE04EC0-301F-11D3-BF4B-00C04F79EFBC}") = "OnTimeForTheExam2", "OnTimeForTheExam2\OnTimeForTheExam2.csproj", "{2AEC9963-066D-49B7-9E2B-D6F954488616}"
EndProject
Project("{FAE04EC0-301F-11D3-BF4B-00C04F79EFBC}") = "Volleyball", "Volleyball\Volleyball.csproj", "{F8CB1CFA-2C32-4E87-BE04-160995C6E549}"
EndProject
Global
	GlobalSection(SolutionConfigurationPlatforms) = preSolution
		Debug|Any CPU = Debug|Any CPU
		Release|Any CPU = Release|Any CPU
	EndGlobalSection
	GlobalSection(ProjectConfigurationPlatforms) = postSolution
		{D82CB32F-87EF-41C1-9505-79A097C37DCC}.Debug|Any CPU.ActiveCfg = Debug|Any CPU
		{D82CB32F-87EF-41C1-9505-79A097C37DCC}.Debug|Any CPU.Build.0 = Debug|Any CPU
		{D82CB32F-87EF-41C1-9505-79A097C37DCC}.Release|Any CPU.ActiveCfg = Release|Any CPU
		{D82CB32F-87EF-41C1-9505-79A097C37DCC}.Release|Any CPU.Build.0 = Release|Any CPU
		{55955CDA-EB2E-4ACF-97B9-05C595ECD051}.Debug|Any CPU.ActiveCfg = Debug|Any CPU
		{55955CDA-EB2E-4ACF-97B9-05C595ECD051}.Debug|Any CPU.Build.0 = Debug|Any CPU
		{55955CDA-EB2E-4ACF-97B9-05C595ECD051}.Release|Any CPU.ActiveCfg = Release|Any CPU
		{55955CDA-EB2E-4ACF-97B9-05C595ECD051}.Release|Any CPU.Build.0 = Release|Any CPU
		{1EDD299F-6042-4FBF-B782-F5CE1DE9D2C2}.Debug|Any CPU.ActiveCfg = Debug|Any CPU
		{1EDD299F-6042-4FBF-B782-F5CE1DE9D2C2}.Debug|Any CPU.Build.0 = Debug|Any CPU
		{1EDD299F-6042-4FBF-B782-F5CE1DE9D2C2}.Release|Any CPU.ActiveCfg = Release|Any CPU
		{1EDD299F-6042-4FBF-B782-F5CE1DE9D2C2}.Release|Any CPU.Build.0 = Release|Any CPU
		{0AF70C35-8F2A-4F10-973D-415FA83DE603}.Debug|Any CPU.ActiveCfg = Debug|Any CPU
		{0AF70C35-8F2A-4F10-973D-415FA83DE603}.Debug|Any CPU.Build.0 = Debug|Any CPU
		{0AF70C35-8F2A-4F10-973D-415FA83DE603}.Release|Any CPU.ActiveCfg = Release|Any CPU
		{0AF70C35-8F2A-4F10-973D-415FA83DE603}.Release|Any CPU.Build.0 = Release|Any CPU
		{57DC8F44-C775-48AA-A6C8-87BC626605EE}.Debug|Any CPU.ActiveCfg = Debug|Any CPU
		{57DC8F44-C775-48AA-A6C8-87BC626605EE}.Debug|Any CPU.Build.0 = Debug|Any CPU
		{57DC8F44-C775-48AA-A6C8-87BC626605EE}.Release|Any CPU.ActiveCfg = Release|Any CPU
		{57DC8F44-C775-48AA-A6C8-87BC626605EE}.Release|Any CPU.Build.0 = Release|Any CPU
		{D4BB0381-C33A-4381-A2CC-B84F3A492D03}.Debug|Any CPU.ActiveCfg = Debug|Any CPU
		{D4BB0381-C33A-4381-A2CC-B84F3A492D03}.Debug|Any CPU.Build.0 = Debug|Any CPU
		{D4BB0381-C33A-4381-A2CC-B84F3A492D03}.Release|Any CPU.ActiveCfg = Release|Any CPU
		{D4BB0381-C33A-4381-A2CC-B84F3A492D03}.Release|Any CPU.Build.0 = Release|Any CPU
		{D0384C2D-172A-4D9D-930E-E242C361E2D6}.Debug|Any CPU.ActiveCfg = Debug|Any CPU
		{D0384C2D-172A-4D9D-930E-E242C361E2D6}.Debug|Any CPU.Build.0 = Debug|Any CPU
		{D0384C2D-172A-4D9D-930E-E242C361E2D6}.Release|Any CPU.ActiveCfg = Release|Any CPU
		{D0384C2D-172A-4D9D-930E-E242C361E2D6}.Release|Any CPU.Build.0 = Release|Any CPU
		{EE060C2D-FA5E-4FC0-B5BD-602594AA0609}.Debug|Any CPU.ActiveCfg = Debug|Any CPU
		{EE060C2D-FA5E-4FC0-B5BD-602594AA0609}.Debug|Any CPU.Build.0 = Debug|Any CPU
		{EE060C2D-FA5E-4FC0-B5BD-602594AA0609}.Release|Any CPU.ActiveCfg = Release|Any CPU
		{EE060C2D-FA5E-4FC0-B5BD-602594AA0609}.Release|Any CPU.Build.0 = Release|Any CPU
		{2AEC9963-066D-49B7-9E2B-D6F954488616}.Debug|Any CPU.ActiveCfg = Debug|Any CPU
		{2AEC9963-066D-49B7-9E2B-D6F954488616}.Debug|Any CPU.Build.0 = Debug|Any CPU
		{2AEC9963-066D-49B7-9E2B-D6F954488616}.Release|Any CPU.ActiveCfg = Release|Any CPU
		{2AEC9963-066D-49B7-9E2B-D6F954488616}.Release|Any CPU.Build.0 = Release|Any CPU
		{F8CB1CFA-2C32-4E87-BE04-160995C6E549}.Debug|Any CPU.ActiveCfg = Debug|Any CPU
		{F8CB1CFA-2C32-4E87-BE04-160995C6E549}.Debug|Any CPU.Build.0 = Debug|Any CPU
		{F8CB1CFA-2C32-4E87-BE04-160995C6E549}.Release|Any CPU.ActiveCfg = Release|Any CPU
		{F8CB1CFA-2C32-4E87-BE04-160995C6E549}.Release|Any CPU.Build.0 = Release|Any CPU
	EndGlobalSection
	GlobalSection(SolutionProperties) = preSolution
		HideSolutionNode = FALSE
	EndGlobalSection
	GlobalSection(ExtensibilityGlobals) = postSolution
		SolutionGuid = {1C69E3B4-248D-4D69-B8D9-5C54F73245EB}
	EndGlobalSection
EndGlobal
