
Microsoft Visual Studio Solution File, Format Version 12.00
# Visual Studio Version 16
VisualStudioVersion = 16.0.30711.63
MinimumVisualStudioVersion = 10.0.40219.1
Project("{9A19103F-16F7-4668-BE54-9A1E7A4F7556}") = "Day of Week", "Day of Week\Day of Week.csproj", "{E15FB10D-DB47-4272-BF1E-39353B8FEA8E}"
EndProject
Project("{9A19103F-16F7-4668-BE54-9A1E7A4F7556}") = "PrintNumbers InReverseOrder", "PrintNumbers InReverseOrder\PrintNumbers InReverseOrder.csproj", "{E329EC9D-503C-4078-BEC8-74DFED5E21F9}"
EndProject
Project("{9A19103F-16F7-4668-BE54-9A1E7A4F7556}") = "PrintFirstNNumbers", "RoundingNumbers\PrintFirstNNumbers.csproj", "{9BDE821E-8B8B-430D-9A0F-CDB3FA8D07AC}"
EndProject
Project("{9A19103F-16F7-4668-BE54-9A1E7A4F7556}") = "EnterNNumbers", "EnterNNumbers\EnterNNumbers.csproj", "{43A185C1-B1BD-408C-B660-28D1462E300F}"
EndProject
Project("{9A19103F-16F7-4668-BE54-9A1E7A4F7556}") = "SplitArray", "SplitArray\SplitArray.csproj", "{15186BFD-AA4D-4C98-8B8A-2CE1AB64D3DA}"
EndProject
Project("{9A19103F-16F7-4668-BE54-9A1E7A4F7556}") = "PrintNumbersInReverseOrder", "PrintNumbersInReverseOrder\PrintNumbersInReverseOrder.csproj", "{1F8D0492-FE3A-4BA0-9AB2-E03787CBF77F}"
EndProject
Project("{9A19103F-16F7-4668-BE54-9A1E7A4F7556}") = "RoundingNumbers", "3.RoundingNumbers\RoundingNumbers.csproj", "{884D0066-B7CE-446E-B17B-4D7A473472BC}"
EndProject
Project("{9A19103F-16F7-4668-BE54-9A1E7A4F7556}") = "ReverseArrayOfStrings", "ReverseArrayOfStrings\ReverseArrayOfStrings.csproj", "{083DA05C-8AF2-48DF-83D5-60E325691041}"
EndProject
Project("{9A19103F-16F7-4668-BE54-9A1E7A4F7556}") = "SumEvenNumbers", "SumEvenNumbers\SumEvenNumbers.csproj", "{47720859-4C16-4B98-92CD-A29A920E7FB9}"
EndProject
Project("{9A19103F-16F7-4668-BE54-9A1E7A4F7556}") = "EvenAndOddSubtraction", "EvenAndOddSubtraction\EvenAndOddSubtraction.csproj", "{C5323FBE-F41A-4B3A-B21E-9ABA02689238}"
EndProject
Project("{9A19103F-16F7-4668-BE54-9A1E7A4F7556}") = "EqualArrays", "EqualArrays\EqualArrays.csproj", "{1B76A143-E93C-4060-8061-BA7A7C5C911D}"
EndProject
Project("{9A19103F-16F7-4668-BE54-9A1E7A4F7556}") = "CondenseArrayToNumber", "CondenseArrayToNumber\CondenseArrayToNumber.csproj", "{DFA5F316-6059-4B62-B1FC-D80134BBF048}"
EndProject
Global
	GlobalSection(SolutionConfigurationPlatforms) = preSolution
		Debug|Any CPU = Debug|Any CPU
		Release|Any CPU = Release|Any CPU
	EndGlobalSection
	GlobalSection(ProjectConfigurationPlatforms) = postSolution
		{E15FB10D-DB47-4272-BF1E-39353B8FEA8E}.Debug|Any CPU.ActiveCfg = Debug|Any CPU
		{E15FB10D-DB47-4272-BF1E-39353B8FEA8E}.Debug|Any CPU.Build.0 = Debug|Any CPU
		{E15FB10D-DB47-4272-BF1E-39353B8FEA8E}.Release|Any CPU.ActiveCfg = Release|Any CPU
		{E15FB10D-DB47-4272-BF1E-39353B8FEA8E}.Release|Any CPU.Build.0 = Release|Any CPU
		{E329EC9D-503C-4078-BEC8-74DFED5E21F9}.Debug|Any CPU.ActiveCfg = Debug|Any CPU
		{E329EC9D-503C-4078-BEC8-74DFED5E21F9}.Debug|Any CPU.Build.0 = Debug|Any CPU
		{E329EC9D-503C-4078-BEC8-74DFED5E21F9}.Release|Any CPU.ActiveCfg = Release|Any CPU
		{E329EC9D-503C-4078-BEC8-74DFED5E21F9}.Release|Any CPU.Build.0 = Release|Any CPU
		{9BDE821E-8B8B-430D-9A0F-CDB3FA8D07AC}.Debug|Any CPU.ActiveCfg = Debug|Any CPU
		{9BDE821E-8B8B-430D-9A0F-CDB3FA8D07AC}.Debug|Any CPU.Build.0 = Debug|Any CPU
		{9BDE821E-8B8B-430D-9A0F-CDB3FA8D07AC}.Release|Any CPU.ActiveCfg = Release|Any CPU
		{9BDE821E-8B8B-430D-9A0F-CDB3FA8D07AC}.Release|Any CPU.Build.0 = Release|Any CPU
		{43A185C1-B1BD-408C-B660-28D1462E300F}.Debug|Any CPU.ActiveCfg = Debug|Any CPU
		{43A185C1-B1BD-408C-B660-28D1462E300F}.Debug|Any CPU.Build.0 = Debug|Any CPU
		{43A185C1-B1BD-408C-B660-28D1462E300F}.Release|Any CPU.ActiveCfg = Release|Any CPU
		{43A185C1-B1BD-408C-B660-28D1462E300F}.Release|Any CPU.Build.0 = Release|Any CPU
		{15186BFD-AA4D-4C98-8B8A-2CE1AB64D3DA}.Debug|Any CPU.ActiveCfg = Debug|Any CPU
		{15186BFD-AA4D-4C98-8B8A-2CE1AB64D3DA}.Debug|Any CPU.Build.0 = Debug|Any CPU
		{15186BFD-AA4D-4C98-8B8A-2CE1AB64D3DA}.Release|Any CPU.ActiveCfg = Release|Any CPU
		{15186BFD-AA4D-4C98-8B8A-2CE1AB64D3DA}.Release|Any CPU.Build.0 = Release|Any CPU
		{1F8D0492-FE3A-4BA0-9AB2-E03787CBF77F}.Debug|Any CPU.ActiveCfg = Debug|Any CPU
		{1F8D0492-FE3A-4BA0-9AB2-E03787CBF77F}.Debug|Any CPU.Build.0 = Debug|Any CPU
		{1F8D0492-FE3A-4BA0-9AB2-E03787CBF77F}.Release|Any CPU.ActiveCfg = Release|Any CPU
		{1F8D0492-FE3A-4BA0-9AB2-E03787CBF77F}.Release|Any CPU.Build.0 = Release|Any CPU
		{884D0066-B7CE-446E-B17B-4D7A473472BC}.Debug|Any CPU.ActiveCfg = Debug|Any CPU
		{884D0066-B7CE-446E-B17B-4D7A473472BC}.Debug|Any CPU.Build.0 = Debug|Any CPU
		{884D0066-B7CE-446E-B17B-4D7A473472BC}.Release|Any CPU.ActiveCfg = Release|Any CPU
		{884D0066-B7CE-446E-B17B-4D7A473472BC}.Release|Any CPU.Build.0 = Release|Any CPU
		{083DA05C-8AF2-48DF-83D5-60E325691041}.Debug|Any CPU.ActiveCfg = Debug|Any CPU
		{083DA05C-8AF2-48DF-83D5-60E325691041}.Debug|Any CPU.Build.0 = Debug|Any CPU
		{083DA05C-8AF2-48DF-83D5-60E325691041}.Release|Any CPU.ActiveCfg = Release|Any CPU
		{083DA05C-8AF2-48DF-83D5-60E325691041}.Release|Any CPU.Build.0 = Release|Any CPU
		{47720859-4C16-4B98-92CD-A29A920E7FB9}.Debug|Any CPU.ActiveCfg = Debug|Any CPU
		{47720859-4C16-4B98-92CD-A29A920E7FB9}.Debug|Any CPU.Build.0 = Debug|Any CPU
		{47720859-4C16-4B98-92CD-A29A920E7FB9}.Release|Any CPU.ActiveCfg = Release|Any CPU
		{47720859-4C16-4B98-92CD-A29A920E7FB9}.Release|Any CPU.Build.0 = Release|Any CPU
		{C5323FBE-F41A-4B3A-B21E-9ABA02689238}.Debug|Any CPU.ActiveCfg = Debug|Any CPU
		{C5323FBE-F41A-4B3A-B21E-9ABA02689238}.Debug|Any CPU.Build.0 = Debug|Any CPU
		{C5323FBE-F41A-4B3A-B21E-9ABA02689238}.Release|Any CPU.ActiveCfg = Release|Any CPU
		{C5323FBE-F41A-4B3A-B21E-9ABA02689238}.Release|Any CPU.Build.0 = Release|Any CPU
		{1B76A143-E93C-4060-8061-BA7A7C5C911D}.Debug|Any CPU.ActiveCfg = Debug|Any CPU
		{1B76A143-E93C-4060-8061-BA7A7C5C911D}.Debug|Any CPU.Build.0 = Debug|Any CPU
		{1B76A143-E93C-4060-8061-BA7A7C5C911D}.Release|Any CPU.ActiveCfg = Release|Any CPU
		{1B76A143-E93C-4060-8061-BA7A7C5C911D}.Release|Any CPU.Build.0 = Release|Any CPU
		{DFA5F316-6059-4B62-B1FC-D80134BBF048}.Debug|Any CPU.ActiveCfg = Debug|Any CPU
		{DFA5F316-6059-4B62-B1FC-D80134BBF048}.Debug|Any CPU.Build.0 = Debug|Any CPU
		{DFA5F316-6059-4B62-B1FC-D80134BBF048}.Release|Any CPU.ActiveCfg = Release|Any CPU
		{DFA5F316-6059-4B62-B1FC-D80134BBF048}.Release|Any CPU.Build.0 = Release|Any CPU
	EndGlobalSection
	GlobalSection(SolutionProperties) = preSolution
		HideSolutionNode = FALSE
	EndGlobalSection
	GlobalSection(ExtensibilityGlobals) = postSolution
		SolutionGuid = {6EAA16F1-3DC1-4A3D-8B7B-59343FBB5069}
	EndGlobalSection
EndGlobal
