
Microsoft Visual Studio Solution File, Format Version 12.00
# Visual Studio Version 17
VisualStudioVersion = 17.3.32901.215
MinimumVisualStudioVersion = 10.0.40219.1
Project("{FAE04EC0-301F-11D3-BF4B-00C04F79EFBC}") = "TaskBoardApp", "TaskBoardApp\TaskBoardApp.csproj", "{2034ED43-F1A3-4529-B66B-B48BE088B939}"
EndProject
Global
	GlobalSection(SolutionConfigurationPlatforms) = preSolution
		Debug|Any CPU = Debug|Any CPU
		Release|Any CPU = Release|Any CPU
	EndGlobalSection
	GlobalSection(ProjectConfigurationPlatforms) = postSolution
		{2034ED43-F1A3-4529-B66B-B48BE088B939}.Debug|Any CPU.ActiveCfg = Debug|Any CPU
		{2034ED43-F1A3-4529-B66B-B48BE088B939}.Debug|Any CPU.Build.0 = Debug|Any CPU
		{2034ED43-F1A3-4529-B66B-B48BE088B939}.Release|Any CPU.ActiveCfg = Release|Any CPU
		{2034ED43-F1A3-4529-B66B-B48BE088B939}.Release|Any CPU.Build.0 = Release|Any CPU
	EndGlobalSection
	GlobalSection(SolutionProperties) = preSolution
		HideSolutionNode = FALSE
	EndGlobalSection
	GlobalSection(ExtensibilityGlobals) = postSolution
		SolutionGuid = {C5C5177C-DBD5-4EDF-8402-919DC4D97D6B}
	EndGlobalSection
EndGlobal
