
Microsoft Visual Studio Solution File, Format Version 12.00
# Visual Studio Version 16
VisualStudioVersion = 16.0.30711.63
MinimumVisualStudioVersion = 10.0.40219.1
Project("{9A19103F-16F7-4668-BE54-9A1E7A4F7556}") = "SumSeconds", "SumSeconds\SumSeconds.csproj", "{D3791BFE-4994-4D92-8914-7A5D151FA321}"
EndProject
Project("{9A19103F-16F7-4668-BE54-9A1E7A4F7556}") = "BonusScore", "BonusScore\BonusScore.csproj", "{C6D5401A-5AEF-48C2-8AE5-F3537F968876}"
EndProject
Project("{9A19103F-16F7-4668-BE54-9A1E7A4F7556}") = "SpeedInfo", "SpeedInfo\SpeedInfo.csproj", "{40F86D68-7179-43B5-B5F5-555B4CEE7DE4}"
EndProject
Project("{9A19103F-16F7-4668-BE54-9A1E7A4F7556}") = "MetricConverter", "MetricConverter\MetricConverter.csproj", "{529E49CB-8B88-40FD-9019-0CB95E2713D3}"
EndProject
Project("{9A19103F-16F7-4668-BE54-9A1E7A4F7556}") = "Time+15 Minutes", "Time+15 Minutes\Time+15 Minutes.csproj", "{89825B06-CC6F-4E4D-AEF4-2BAE93ADA7AD}"
EndProject
Project("{9A19103F-16F7-4668-BE54-9A1E7A4F7556}") = "GodzillaVs.Kong", "GodzillaVs.Kong\GodzillaVs.Kong.csproj", "{D9E0CF2B-C208-4240-BBAC-24C8255E3C70}"
EndProject
Project("{FAE04EC0-301F-11D3-BF4B-00C04F79EFBC}") = "WorldSwimmingRecord", "WorldSwimmingRecord\WorldSwimmingRecord.csproj", "{A7FBAB25-067B-4F98-B2C8-8D73F4180CF3}"
EndProject
Project("{FAE04EC0-301F-11D3-BF4B-00C04F79EFBC}") = "Scholarship", "Scholarship\Scholarship.csproj", "{3B5DE794-F88E-4C5D-BA8F-4A45C11C7080}"
EndProject
Global
	GlobalSection(SolutionConfigurationPlatforms) = preSolution
		Debug|Any CPU = Debug|Any CPU
		Release|Any CPU = Release|Any CPU
	EndGlobalSection
	GlobalSection(ProjectConfigurationPlatforms) = postSolution
		{D3791BFE-4994-4D92-8914-7A5D151FA321}.Debug|Any CPU.ActiveCfg = Debug|Any CPU
		{D3791BFE-4994-4D92-8914-7A5D151FA321}.Debug|Any CPU.Build.0 = Debug|Any CPU
		{D3791BFE-4994-4D92-8914-7A5D151FA321}.Release|Any CPU.ActiveCfg = Release|Any CPU
		{D3791BFE-4994-4D92-8914-7A5D151FA321}.Release|Any CPU.Build.0 = Release|Any CPU
		{C6D5401A-5AEF-48C2-8AE5-F3537F968876}.Debug|Any CPU.ActiveCfg = Debug|Any CPU
		{C6D5401A-5AEF-48C2-8AE5-F3537F968876}.Debug|Any CPU.Build.0 = Debug|Any CPU
		{C6D5401A-5AEF-48C2-8AE5-F3537F968876}.Release|Any CPU.ActiveCfg = Release|Any CPU
		{C6D5401A-5AEF-48C2-8AE5-F3537F968876}.Release|Any CPU.Build.0 = Release|Any CPU
		{40F86D68-7179-43B5-B5F5-555B4CEE7DE4}.Debug|Any CPU.ActiveCfg = Debug|Any CPU
		{40F86D68-7179-43B5-B5F5-555B4CEE7DE4}.Debug|Any CPU.Build.0 = Debug|Any CPU
		{40F86D68-7179-43B5-B5F5-555B4CEE7DE4}.Release|Any CPU.ActiveCfg = Release|Any CPU
		{40F86D68-7179-43B5-B5F5-555B4CEE7DE4}.Release|Any CPU.Build.0 = Release|Any CPU
		{529E49CB-8B88-40FD-9019-0CB95E2713D3}.Debug|Any CPU.ActiveCfg = Debug|Any CPU
		{529E49CB-8B88-40FD-9019-0CB95E2713D3}.Debug|Any CPU.Build.0 = Debug|Any CPU
		{529E49CB-8B88-40FD-9019-0CB95E2713D3}.Release|Any CPU.ActiveCfg = Release|Any CPU
		{529E49CB-8B88-40FD-9019-0CB95E2713D3}.Release|Any CPU.Build.0 = Release|Any CPU
		{89825B06-CC6F-4E4D-AEF4-2BAE93ADA7AD}.Debug|Any CPU.ActiveCfg = Debug|Any CPU
		{89825B06-CC6F-4E4D-AEF4-2BAE93ADA7AD}.Debug|Any CPU.Build.0 = Debug|Any CPU
		{89825B06-CC6F-4E4D-AEF4-2BAE93ADA7AD}.Release|Any CPU.ActiveCfg = Release|Any CPU
		{89825B06-CC6F-4E4D-AEF4-2BAE93ADA7AD}.Release|Any CPU.Build.0 = Release|Any CPU
		{D9E0CF2B-C208-4240-BBAC-24C8255E3C70}.Debug|Any CPU.ActiveCfg = Debug|Any CPU
		{D9E0CF2B-C208-4240-BBAC-24C8255E3C70}.Debug|Any CPU.Build.0 = Debug|Any CPU
		{D9E0CF2B-C208-4240-BBAC-24C8255E3C70}.Release|Any CPU.ActiveCfg = Release|Any CPU
		{D9E0CF2B-C208-4240-BBAC-24C8255E3C70}.Release|Any CPU.Build.0 = Release|Any CPU
		{A7FBAB25-067B-4F98-B2C8-8D73F4180CF3}.Debug|Any CPU.ActiveCfg = Debug|Any CPU
		{A7FBAB25-067B-4F98-B2C8-8D73F4180CF3}.Debug|Any CPU.Build.0 = Debug|Any CPU
		{A7FBAB25-067B-4F98-B2C8-8D73F4180CF3}.Release|Any CPU.ActiveCfg = Release|Any CPU
		{A7FBAB25-067B-4F98-B2C8-8D73F4180CF3}.Release|Any CPU.Build.0 = Release|Any CPU
		{3B5DE794-F88E-4C5D-BA8F-4A45C11C7080}.Debug|Any CPU.ActiveCfg = Debug|Any CPU
		{3B5DE794-F88E-4C5D-BA8F-4A45C11C7080}.Debug|Any CPU.Build.0 = Debug|Any CPU
		{3B5DE794-F88E-4C5D-BA8F-4A45C11C7080}.Release|Any CPU.ActiveCfg = Release|Any CPU
		{3B5DE794-F88E-4C5D-BA8F-4A45C11C7080}.Release|Any CPU.Build.0 = Release|Any CPU
	EndGlobalSection
	GlobalSection(SolutionProperties) = preSolution
		HideSolutionNode = FALSE
	EndGlobalSection
	GlobalSection(ExtensibilityGlobals) = postSolution
		SolutionGuid = {BBCEA682-D9CA-4414-AE86-A574F6B352D9}
	EndGlobalSection
EndGlobal
