
Microsoft Visual Studio Solution File, Format Version 12.00
# Visual Studio Version 16
VisualStudioVersion = 16.0.30711.63
MinimumVisualStudioVersion = 10.0.40219.1
Project("{9A19103F-16F7-4668-BE54-9A1E7A4F7556}") = "SingleInheritance", "SingleInheritance\SingleInheritance.csproj", "{DE75C874-4B81-40D2-B7E8-F6A55068085D}"
EndProject
Project("{9A19103F-16F7-4668-BE54-9A1E7A4F7556}") = "MultipleInheritance", "MultipleInheritance\MultipleInheritance.csproj", "{EB668FCF-85F3-4393-B2A7-3DB3F35864D0}"
EndProject
Project("{9A19103F-16F7-4668-BE54-9A1E7A4F7556}") = "HierarchicalInheritance", "HierarchicalInheritance\HierarchicalInheritance.csproj", "{DC887590-1DEF-460B-B4EF-3A20D92EC472}"
EndProject
Project("{9A19103F-16F7-4668-BE54-9A1E7A4F7556}") = "RandomList", "RandomList\RandomList.csproj", "{A3B8736C-FB2F-4E14-BC13-118A6C8FF14A}"
EndProject
Project("{9A19103F-16F7-4668-BE54-9A1E7A4F7556}") = "StackOfStrings", "StackOfStrings\StackOfStrings.csproj", "{E425B7C1-3603-4E0B-B081-F5CFF1AC7146}"
EndProject
Global
	GlobalSection(SolutionConfigurationPlatforms) = preSolution
		Debug|Any CPU = Debug|Any CPU
		Release|Any CPU = Release|Any CPU
	EndGlobalSection
	GlobalSection(ProjectConfigurationPlatforms) = postSolution
		{DE75C874-4B81-40D2-B7E8-F6A55068085D}.Debug|Any CPU.ActiveCfg = Debug|Any CPU
		{DE75C874-4B81-40D2-B7E8-F6A55068085D}.Debug|Any CPU.Build.0 = Debug|Any CPU
		{DE75C874-4B81-40D2-B7E8-F6A55068085D}.Release|Any CPU.ActiveCfg = Release|Any CPU
		{DE75C874-4B81-40D2-B7E8-F6A55068085D}.Release|Any CPU.Build.0 = Release|Any CPU
		{EB668FCF-85F3-4393-B2A7-3DB3F35864D0}.Debug|Any CPU.ActiveCfg = Debug|Any CPU
		{EB668FCF-85F3-4393-B2A7-3DB3F35864D0}.Debug|Any CPU.Build.0 = Debug|Any CPU
		{EB668FCF-85F3-4393-B2A7-3DB3F35864D0}.Release|Any CPU.ActiveCfg = Release|Any CPU
		{EB668FCF-85F3-4393-B2A7-3DB3F35864D0}.Release|Any CPU.Build.0 = Release|Any CPU
		{DC887590-1DEF-460B-B4EF-3A20D92EC472}.Debug|Any CPU.ActiveCfg = Debug|Any CPU
		{DC887590-1DEF-460B-B4EF-3A20D92EC472}.Debug|Any CPU.Build.0 = Debug|Any CPU
		{DC887590-1DEF-460B-B4EF-3A20D92EC472}.Release|Any CPU.ActiveCfg = Release|Any CPU
		{DC887590-1DEF-460B-B4EF-3A20D92EC472}.Release|Any CPU.Build.0 = Release|Any CPU
		{A3B8736C-FB2F-4E14-BC13-118A6C8FF14A}.Debug|Any CPU.ActiveCfg = Debug|Any CPU
		{A3B8736C-FB2F-4E14-BC13-118A6C8FF14A}.Debug|Any CPU.Build.0 = Debug|Any CPU
		{A3B8736C-FB2F-4E14-BC13-118A6C8FF14A}.Release|Any CPU.ActiveCfg = Release|Any CPU
		{A3B8736C-FB2F-4E14-BC13-118A6C8FF14A}.Release|Any CPU.Build.0 = Release|Any CPU
		{E425B7C1-3603-4E0B-B081-F5CFF1AC7146}.Debug|Any CPU.ActiveCfg = Debug|Any CPU
		{E425B7C1-3603-4E0B-B081-F5CFF1AC7146}.Debug|Any CPU.Build.0 = Debug|Any CPU
		{E425B7C1-3603-4E0B-B081-F5CFF1AC7146}.Release|Any CPU.ActiveCfg = Release|Any CPU
		{E425B7C1-3603-4E0B-B081-F5CFF1AC7146}.Release|Any CPU.Build.0 = Release|Any CPU
	EndGlobalSection
	GlobalSection(SolutionProperties) = preSolution
		HideSolutionNode = FALSE
	EndGlobalSection
	GlobalSection(ExtensibilityGlobals) = postSolution
		SolutionGuid = {C450735D-59EB-4874-87C2-CB14AAD0BD97}
	EndGlobalSection
EndGlobal
