
Microsoft Visual Studio Solution File, Format Version 12.00
# Visual Studio Version 16
VisualStudioVersion = 16.0.30711.63
MinimumVisualStudioVersion = 10.0.40219.1
Project("{FAE04EC0-301F-11D3-BF4B-00C04F79EFBC}") = "ReverseString", "ReverseString\ReverseString.csproj", "{3552CC15-CD33-4DD1-9BDC-30048138A6AF}"
EndProject
Project("{FAE04EC0-301F-11D3-BF4B-00C04F79EFBC}") = "StackSum", "StackSum\StackSum.csproj", "{8966DAAA-6451-4015-9C5D-507160FF07D3}"
EndProject
Project("{FAE04EC0-301F-11D3-BF4B-00C04F79EFBC}") = "SimpleCalculator", "SimpleCalculator\SimpleCalculator.csproj", "{6C68B467-F2BB-4D7A-BC39-92D4FF8E2CC1}"
EndProject
Project("{FAE04EC0-301F-11D3-BF4B-00C04F79EFBC}") = "MatchingBrackets", "MatchingBrackets\MatchingBrackets.csproj", "{2F0F3CAC-0806-4A12-910E-1FCAC3E994DC}"
EndProject
Project("{FAE04EC0-301F-11D3-BF4B-00C04F79EFBC}") = "PrintEvenNumbers", "PrintEvenNumbers\PrintEvenNumbers.csproj", "{38C5BD42-6CB1-4636-B878-2E39CF532901}"
EndProject
Project("{FAE04EC0-301F-11D3-BF4B-00C04F79EFBC}") = "Supermarket", "Supermarket\Supermarket.csproj", "{BAC62354-A992-49D4-9CD2-EC7224B76562}"
EndProject
Project("{FAE04EC0-301F-11D3-BF4B-00C04F79EFBC}") = "HotPotato", "HotPotato\HotPotato.csproj", "{425DCB07-6714-4F73-A191-B5DCD2D6E85A}"
EndProject
Project("{FAE04EC0-301F-11D3-BF4B-00C04F79EFBC}") = "TrafficJam", "TrafficJam\TrafficJam.csproj", "{7D64BDC4-1F61-4185-A910-AD7E314DACA4}"
EndProject
Global
	GlobalSection(SolutionConfigurationPlatforms) = preSolution
		Debug|Any CPU = Debug|Any CPU
		Release|Any CPU = Release|Any CPU
	EndGlobalSection
	GlobalSection(ProjectConfigurationPlatforms) = postSolution
		{3552CC15-CD33-4DD1-9BDC-30048138A6AF}.Debug|Any CPU.ActiveCfg = Debug|Any CPU
		{3552CC15-CD33-4DD1-9BDC-30048138A6AF}.Debug|Any CPU.Build.0 = Debug|Any CPU
		{3552CC15-CD33-4DD1-9BDC-30048138A6AF}.Release|Any CPU.ActiveCfg = Release|Any CPU
		{3552CC15-CD33-4DD1-9BDC-30048138A6AF}.Release|Any CPU.Build.0 = Release|Any CPU
		{8966DAAA-6451-4015-9C5D-507160FF07D3}.Debug|Any CPU.ActiveCfg = Debug|Any CPU
		{8966DAAA-6451-4015-9C5D-507160FF07D3}.Debug|Any CPU.Build.0 = Debug|Any CPU
		{8966DAAA-6451-4015-9C5D-507160FF07D3}.Release|Any CPU.ActiveCfg = Release|Any CPU
		{8966DAAA-6451-4015-9C5D-507160FF07D3}.Release|Any CPU.Build.0 = Release|Any CPU
		{6C68B467-F2BB-4D7A-BC39-92D4FF8E2CC1}.Debug|Any CPU.ActiveCfg = Debug|Any CPU
		{6C68B467-F2BB-4D7A-BC39-92D4FF8E2CC1}.Debug|Any CPU.Build.0 = Debug|Any CPU
		{6C68B467-F2BB-4D7A-BC39-92D4FF8E2CC1}.Release|Any CPU.ActiveCfg = Release|Any CPU
		{6C68B467-F2BB-4D7A-BC39-92D4FF8E2CC1}.Release|Any CPU.Build.0 = Release|Any CPU
		{2F0F3CAC-0806-4A12-910E-1FCAC3E994DC}.Debug|Any CPU.ActiveCfg = Debug|Any CPU
		{2F0F3CAC-0806-4A12-910E-1FCAC3E994DC}.Debug|Any CPU.Build.0 = Debug|Any CPU
		{2F0F3CAC-0806-4A12-910E-1FCAC3E994DC}.Release|Any CPU.ActiveCfg = Release|Any CPU
		{2F0F3CAC-0806-4A12-910E-1FCAC3E994DC}.Release|Any CPU.Build.0 = Release|Any CPU
		{38C5BD42-6CB1-4636-B878-2E39CF532901}.Debug|Any CPU.ActiveCfg = Debug|Any CPU
		{38C5BD42-6CB1-4636-B878-2E39CF532901}.Debug|Any CPU.Build.0 = Debug|Any CPU
		{38C5BD42-6CB1-4636-B878-2E39CF532901}.Release|Any CPU.ActiveCfg = Release|Any CPU
		{38C5BD42-6CB1-4636-B878-2E39CF532901}.Release|Any CPU.Build.0 = Release|Any CPU
		{BAC62354-A992-49D4-9CD2-EC7224B76562}.Debug|Any CPU.ActiveCfg = Debug|Any CPU
		{BAC62354-A992-49D4-9CD2-EC7224B76562}.Debug|Any CPU.Build.0 = Debug|Any CPU
		{BAC62354-A992-49D4-9CD2-EC7224B76562}.Release|Any CPU.ActiveCfg = Release|Any CPU
		{BAC62354-A992-49D4-9CD2-EC7224B76562}.Release|Any CPU.Build.0 = Release|Any CPU
		{425DCB07-6714-4F73-A191-B5DCD2D6E85A}.Debug|Any CPU.ActiveCfg = Debug|Any CPU
		{425DCB07-6714-4F73-A191-B5DCD2D6E85A}.Debug|Any CPU.Build.0 = Debug|Any CPU
		{425DCB07-6714-4F73-A191-B5DCD2D6E85A}.Release|Any CPU.ActiveCfg = Release|Any CPU
		{425DCB07-6714-4F73-A191-B5DCD2D6E85A}.Release|Any CPU.Build.0 = Release|Any CPU
		{7D64BDC4-1F61-4185-A910-AD7E314DACA4}.Debug|Any CPU.ActiveCfg = Debug|Any CPU
		{7D64BDC4-1F61-4185-A910-AD7E314DACA4}.Debug|Any CPU.Build.0 = Debug|Any CPU
		{7D64BDC4-1F61-4185-A910-AD7E314DACA4}.Release|Any CPU.ActiveCfg = Release|Any CPU
		{7D64BDC4-1F61-4185-A910-AD7E314DACA4}.Release|Any CPU.Build.0 = Release|Any CPU
	EndGlobalSection
	GlobalSection(SolutionProperties) = preSolution
		HideSolutionNode = FALSE
	EndGlobalSection
	GlobalSection(ExtensibilityGlobals) = postSolution
		SolutionGuid = {7DC993D4-9D1A-4211-8424-550DF6732838}
	EndGlobalSection
EndGlobal
