
Microsoft Visual Studio Solution File, Format Version 12.00
# Visual Studio Version 16
VisualStudioVersion = 16.0.30711.63
MinimumVisualStudioVersion = 10.0.40219.1
Project("{FAE04EC0-301F-11D3-BF4B-00C04F79EFBC}") = "MatchFullName", "MatchFullName\MatchFullName.csproj", "{2B33C82D-FFEE-4F35-9292-2DD11AB5A455}"
EndProject
Project("{FAE04EC0-301F-11D3-BF4B-00C04F79EFBC}") = "MatchDates", "MatchDates\MatchDates.csproj", "{480869F1-D5E2-4710-BAB7-26C89601DBE4}"
EndProject
Project("{FAE04EC0-301F-11D3-BF4B-00C04F79EFBC}") = "MatchPhoneNumber", "MatchPhoneNumber\MatchPhoneNumber.csproj", "{88B13FD1-9DEB-4138-88A3-C88019184998}"
EndProject
Global
	GlobalSection(SolutionConfigurationPlatforms) = preSolution
		Debug|Any CPU = Debug|Any CPU
		Release|Any CPU = Release|Any CPU
	EndGlobalSection
	GlobalSection(ProjectConfigurationPlatforms) = postSolution
		{2B33C82D-FFEE-4F35-9292-2DD11AB5A455}.Debug|Any CPU.ActiveCfg = Debug|Any CPU
		{2B33C82D-FFEE-4F35-9292-2DD11AB5A455}.Debug|Any CPU.Build.0 = Debug|Any CPU
		{2B33C82D-FFEE-4F35-9292-2DD11AB5A455}.Release|Any CPU.ActiveCfg = Release|Any CPU
		{2B33C82D-FFEE-4F35-9292-2DD11AB5A455}.Release|Any CPU.Build.0 = Release|Any CPU
		{480869F1-D5E2-4710-BAB7-26C89601DBE4}.Debug|Any CPU.ActiveCfg = Debug|Any CPU
		{480869F1-D5E2-4710-BAB7-26C89601DBE4}.Debug|Any CPU.Build.0 = Debug|Any CPU
		{480869F1-D5E2-4710-BAB7-26C89601DBE4}.Release|Any CPU.ActiveCfg = Release|Any CPU
		{480869F1-D5E2-4710-BAB7-26C89601DBE4}.Release|Any CPU.Build.0 = Release|Any CPU
		{88B13FD1-9DEB-4138-88A3-C88019184998}.Debug|Any CPU.ActiveCfg = Debug|Any CPU
		{88B13FD1-9DEB-4138-88A3-C88019184998}.Debug|Any CPU.Build.0 = Debug|Any CPU
		{88B13FD1-9DEB-4138-88A3-C88019184998}.Release|Any CPU.ActiveCfg = Release|Any CPU
		{88B13FD1-9DEB-4138-88A3-C88019184998}.Release|Any CPU.Build.0 = Release|Any CPU
	EndGlobalSection
	GlobalSection(SolutionProperties) = preSolution
		HideSolutionNode = FALSE
	EndGlobalSection
	GlobalSection(ExtensibilityGlobals) = postSolution
		SolutionGuid = {2223EC4C-831B-414D-BDE5-9A663A4CDE9F}
	EndGlobalSection
EndGlobal
