
Microsoft Visual Studio Solution File, Format Version 12.00
# Visual Studio Version 16
VisualStudioVersion = 16.0.30711.63
MinimumVisualStudioVersion = 10.0.40219.1
Project("{9A19103F-16F7-4668-BE54-9A1E7A4F7556}") = "1.Problem", "1.Problem\1.Problem.csproj", "{076C61A9-5732-42D1-8128-432AD44C3A9E}"
EndProject
Project("{9A19103F-16F7-4668-BE54-9A1E7A4F7556}") = "2.Problem", "2.Problem\2.Problem.csproj", "{5E1AB44C-4242-43CC-A9EE-5036AC24EF78}"
EndProject
Project("{9A19103F-16F7-4668-BE54-9A1E7A4F7556}") = "3.Problem", "3.Problem\3.Problem.csproj", "{5972ADD2-34E8-46D2-A790-3ECB80B80CAF}"
EndProject
Global
	GlobalSection(SolutionConfigurationPlatforms) = preSolution
		Debug|Any CPU = Debug|Any CPU
		Release|Any CPU = Release|Any CPU
	EndGlobalSection
	GlobalSection(ProjectConfigurationPlatforms) = postSolution
		{076C61A9-5732-42D1-8128-432AD44C3A9E}.Debug|Any CPU.ActiveCfg = Debug|Any CPU
		{076C61A9-5732-42D1-8128-432AD44C3A9E}.Debug|Any CPU.Build.0 = Debug|Any CPU
		{076C61A9-5732-42D1-8128-432AD44C3A9E}.Release|Any CPU.ActiveCfg = Release|Any CPU
		{076C61A9-5732-42D1-8128-432AD44C3A9E}.Release|Any CPU.Build.0 = Release|Any CPU
		{5E1AB44C-4242-43CC-A9EE-5036AC24EF78}.Debug|Any CPU.ActiveCfg = Debug|Any CPU
		{5E1AB44C-4242-43CC-A9EE-5036AC24EF78}.Debug|Any CPU.Build.0 = Debug|Any CPU
		{5E1AB44C-4242-43CC-A9EE-5036AC24EF78}.Release|Any CPU.ActiveCfg = Release|Any CPU
		{5E1AB44C-4242-43CC-A9EE-5036AC24EF78}.Release|Any CPU.Build.0 = Release|Any CPU
		{5972ADD2-34E8-46D2-A790-3ECB80B80CAF}.Debug|Any CPU.ActiveCfg = Debug|Any CPU
		{5972ADD2-34E8-46D2-A790-3ECB80B80CAF}.Debug|Any CPU.Build.0 = Debug|Any CPU
		{5972ADD2-34E8-46D2-A790-3ECB80B80CAF}.Release|Any CPU.ActiveCfg = Release|Any CPU
		{5972ADD2-34E8-46D2-A790-3ECB80B80CAF}.Release|Any CPU.Build.0 = Release|Any CPU
	EndGlobalSection
	GlobalSection(SolutionProperties) = preSolution
		HideSolutionNode = FALSE
	EndGlobalSection
	GlobalSection(ExtensibilityGlobals) = postSolution
		SolutionGuid = {1EA86358-3FD4-4038-8535-7011FA5C62ED}
	EndGlobalSection
EndGlobal
